// !$*UTF8*$!
{
	archiveVersion = 1;
	classes = {
	};
	objectVersion = 56;
	objects = {

/* Begin PBXBuildFile section */
		57FBDC1029B3C53400B2FC3C /* AppDelegate.swift in Sources */ = {isa = PBXBuildFile; fileRef = 57FBDC0F29B3C53400B2FC3C /* AppDelegate.swift */; };
		57FBDC1229B3C53400B2FC3C /* SceneDelegate.swift in Sources */ = {isa = PBXBuildFile; fileRef = 57FBDC1129B3C53400B2FC3C /* SceneDelegate.swift */; };
		57FBDC1429B3C53400B2FC3C /* CompositionalLayout1View.swift in Sources */ = {isa = PBXBuildFile; fileRef = 57FBDC1329B3C53400B2FC3C /* CompositionalLayout1View.swift */; };
		57FBDC1929B3C53500B2FC3C /* Assets.xcassets in Resources */ = {isa = PBXBuildFile; fileRef = 57FBDC1829B3C53500B2FC3C /* Assets.xcassets */; };
		57FBDC1C29B3C53500B2FC3C /* LaunchScreen.storyboard in Resources */ = {isa = PBXBuildFile; fileRef = 57FBDC1A29B3C53500B2FC3C /* LaunchScreen.storyboard */; };
		57FBDC2529B3C7D900B2FC3C /* RxCocoa in Frameworks */ = {isa = PBXBuildFile; productRef = 57FBDC2429B3C7D900B2FC3C /* RxCocoa */; };
		57FBDC2729B3C7D900B2FC3C /* RxRelay in Frameworks */ = {isa = PBXBuildFile; productRef = 57FBDC2629B3C7D900B2FC3C /* RxRelay */; };
		57FBDC2929B3C7D900B2FC3C /* RxSwift in Frameworks */ = {isa = PBXBuildFile; productRef = 57FBDC2829B3C7D900B2FC3C /* RxSwift */; };
		57FBDC2C29B3C80B00B2FC3C /* Differentiator in Frameworks */ = {isa = PBXBuildFile; productRef = 57FBDC2B29B3C80B00B2FC3C /* Differentiator */; };
		57FBDC2E29B3C80B00B2FC3C /* RxDataSources in Frameworks */ = {isa = PBXBuildFile; productRef = 57FBDC2D29B3C80B00B2FC3C /* RxDataSources */; };
		57FBDC3129B3CDD300B2FC3C /* SnapKit in Frameworks */ = {isa = PBXBuildFile; productRef = 57FBDC3029B3CDD300B2FC3C /* SnapKit */; };
		57FBDC3A29B3CF7900B2FC3C /* SectionConfirmAdapter.swift in Sources */ = {isa = PBXBuildFile; fileRef = 57FBDC3929B3CF7900B2FC3C /* SectionConfirmAdapter.swift */; };
		57FBDC3C29B3CF9600B2FC3C /* SectionCauseAdapter.swift in Sources */ = {isa = PBXBuildFile; fileRef = 57FBDC3B29B3CF9600B2FC3C /* SectionCauseAdapter.swift */; };
		57FBDC3E29B3E1E600B2FC3C /* SectionItemsAdapter.swift in Sources */ = {isa = PBXBuildFile; fileRef = 57FBDC3D29B3E1E600B2FC3C /* SectionItemsAdapter.swift */; };
		57FBDC4129B3EDFF00B2FC3C /* BackgroundView.swift in Sources */ = {isa = PBXBuildFile; fileRef = 57FBDC4029B3EDFF00B2FC3C /* BackgroundView.swift */; };
		57FBDC4529B3F06300B2FC3C /* ConfirmationRequiredCell.swift in Sources */ = {isa = PBXBuildFile; fileRef = 57FBDC4429B3F06300B2FC3C /* ConfirmationRequiredCell.swift */; };
		57FBDC4829B3F1D700B2FC3C /* Then in Frameworks */ = {isa = PBXBuildFile; productRef = 57FBDC4729B3F1D700B2FC3C /* Then */; };
		57FBDC4A29B3F31900B2FC3C /* ConfirmationRequiredCellAdapter.swift in Sources */ = {isa = PBXBuildFile; fileRef = 57FBDC4929B3F31900B2FC3C /* ConfirmationRequiredCellAdapter.swift */; };
		57FBDC4C29B3F35C00B2FC3C /* CompositionalLayout1ViewModel.swift in Sources */ = {isa = PBXBuildFile; fileRef = 57FBDC4B29B3F35C00B2FC3C /* CompositionalLayout1ViewModel.swift */; };
		57FBDC5029B3FDA600B2FC3C /* CauseHeaderView.swift in Sources */ = {isa = PBXBuildFile; fileRef = 57FBDC4F29B3FDA600B2FC3C /* CauseHeaderView.swift */; };
		57FBDC5229B4048C00B2FC3C /* CauseCell.swift in Sources */ = {isa = PBXBuildFile; fileRef = 57FBDC5129B4048C00B2FC3C /* CauseCell.swift */; };
		57FBDC5429B4049300B2FC3C /* CauseCellAdapter.swift in Sources */ = {isa = PBXBuildFile; fileRef = 57FBDC5329B4049300B2FC3C /* CauseCellAdapter.swift */; };
		57FBDC5729B405FA00B2FC3C /* ItemCell.swift in Sources */ = {isa = PBXBuildFile; fileRef = 57FBDC5629B405FA00B2FC3C /* ItemCell.swift */; };
		57FBDC5929B4060C00B2FC3C /* ItemCellAdapter.swift in Sources */ = {isa = PBXBuildFile; fileRef = 57FBDC5829B4060C00B2FC3C /* ItemCellAdapter.swift */; };
		57FBDC5B29B4081000B2FC3C /* ItemHeaderView.swift in Sources */ = {isa = PBXBuildFile; fileRef = 57FBDC5A29B4081000B2FC3C /* ItemHeaderView.swift */; };
		57FBDC5D29B4163E00B2FC3C /* SectionSpacingAdapter.swift in Sources */ = {isa = PBXBuildFile; fileRef = 57FBDC5C29B4163E00B2FC3C /* SectionSpacingAdapter.swift */; };
		57FBDC6229B4167F00B2FC3C /* SpacingCellAdapter.swift in Sources */ = {isa = PBXBuildFile; fileRef = 57FBDC6129B4167F00B2FC3C /* SpacingCellAdapter.swift */; };
		57FBDC6529B5221D00B2FC3C /* HierarchichalTreeLayout.swift in Sources */ = {isa = PBXBuildFile; fileRef = 57FBDC6429B5221D00B2FC3C /* HierarchichalTreeLayout.swift */; };
		57FBDC6A29B8BB0D00B2FC3C /* FlowLayoutLifecycleView.swift in Sources */ = {isa = PBXBuildFile; fileRef = 57FBDC6929B8BB0D00B2FC3C /* FlowLayoutLifecycleView.swift */; };
		57FBDC6C29B8BFA600B2FC3C /* FlowLayoutLifecycleViewLayout.swift in Sources */ = {isa = PBXBuildFile; fileRef = 57FBDC6B29B8BFA600B2FC3C /* FlowLayoutLifecycleViewLayout.swift */; };
/* End PBXBuildFile section */

/* Begin PBXFileReference section */
		57FBDC0C29B3C53400B2FC3C /* CollectionViewLayoutsPractice.app */ = {isa = PBXFileReference; explicitFileType = wrapper.application; includeInIndex = 0; path = CollectionViewLayoutsPractice.app; sourceTree = BUILT_PRODUCTS_DIR; };
		57FBDC0F29B3C53400B2FC3C /* AppDelegate.swift */ = {isa = PBXFileReference; lastKnownFileType = sourcecode.swift; path = AppDelegate.swift; sourceTree = "<group>"; };
		57FBDC1129B3C53400B2FC3C /* SceneDelegate.swift */ = {isa = PBXFileReference; lastKnownFileType = sourcecode.swift; path = SceneDelegate.swift; sourceTree = "<group>"; };
		57FBDC1329B3C53400B2FC3C /* CompositionalLayout1View.swift */ = {isa = PBXFileReference; lastKnownFileType = sourcecode.swift; path = CompositionalLayout1View.swift; sourceTree = "<group>"; };
		57FBDC1829B3C53500B2FC3C /* Assets.xcassets */ = {isa = PBXFileReference; lastKnownFileType = folder.assetcatalog; path = Assets.xcassets; sourceTree = "<group>"; };
		57FBDC1B29B3C53500B2FC3C /* Base */ = {isa = PBXFileReference; lastKnownFileType = file.storyboard; name = Base; path = Base.lproj/LaunchScreen.storyboard; sourceTree = "<group>"; };
		57FBDC1D29B3C53500B2FC3C /* Info.plist */ = {isa = PBXFileReference; lastKnownFileType = text.plist.xml; path = Info.plist; sourceTree = "<group>"; };
		57FBDC3929B3CF7900B2FC3C /* SectionConfirmAdapter.swift */ = {isa = PBXFileReference; lastKnownFileType = sourcecode.swift; path = SectionConfirmAdapter.swift; sourceTree = "<group>"; };
		57FBDC3B29B3CF9600B2FC3C /* SectionCauseAdapter.swift */ = {isa = PBXFileReference; lastKnownFileType = sourcecode.swift; path = SectionCauseAdapter.swift; sourceTree = "<group>"; };
		57FBDC3D29B3E1E600B2FC3C /* SectionItemsAdapter.swift */ = {isa = PBXFileReference; lastKnownFileType = sourcecode.swift; path = SectionItemsAdapter.swift; sourceTree = "<group>"; };
		57FBDC4029B3EDFF00B2FC3C /* BackgroundView.swift */ = {isa = PBXFileReference; lastKnownFileType = sourcecode.swift; path = BackgroundView.swift; sourceTree = "<group>"; };
		57FBDC4429B3F06300B2FC3C /* ConfirmationRequiredCell.swift */ = {isa = PBXFileReference; lastKnownFileType = sourcecode.swift; path = ConfirmationRequiredCell.swift; sourceTree = "<group>"; };
		57FBDC4929B3F31900B2FC3C /* ConfirmationRequiredCellAdapter.swift */ = {isa = PBXFileReference; lastKnownFileType = sourcecode.swift; path = ConfirmationRequiredCellAdapter.swift; sourceTree = "<group>"; };
		57FBDC4B29B3F35C00B2FC3C /* CompositionalLayout1ViewModel.swift */ = {isa = PBXFileReference; lastKnownFileType = sourcecode.swift; path = CompositionalLayout1ViewModel.swift; sourceTree = "<group>"; };
		57FBDC4F29B3FDA600B2FC3C /* CauseHeaderView.swift */ = {isa = PBXFileReference; lastKnownFileType = sourcecode.swift; path = CauseHeaderView.swift; sourceTree = "<group>"; };
		57FBDC5129B4048C00B2FC3C /* CauseCell.swift */ = {isa = PBXFileReference; lastKnownFileType = sourcecode.swift; path = CauseCell.swift; sourceTree = "<group>"; };
		57FBDC5329B4049300B2FC3C /* CauseCellAdapter.swift */ = {isa = PBXFileReference; lastKnownFileType = sourcecode.swift; path = CauseCellAdapter.swift; sourceTree = "<group>"; };
		57FBDC5629B405FA00B2FC3C /* ItemCell.swift */ = {isa = PBXFileReference; lastKnownFileType = sourcecode.swift; path = ItemCell.swift; sourceTree = "<group>"; };
		57FBDC5829B4060C00B2FC3C /* ItemCellAdapter.swift */ = {isa = PBXFileReference; lastKnownFileType = sourcecode.swift; path = ItemCellAdapter.swift; sourceTree = "<group>"; };
		57FBDC5A29B4081000B2FC3C /* ItemHeaderView.swift */ = {isa = PBXFileReference; lastKnownFileType = sourcecode.swift; path = ItemHeaderView.swift; sourceTree = "<group>"; };
		57FBDC5C29B4163E00B2FC3C /* SectionSpacingAdapter.swift */ = {isa = PBXFileReference; lastKnownFileType = sourcecode.swift; path = SectionSpacingAdapter.swift; sourceTree = "<group>"; };
		57FBDC6129B4167F00B2FC3C /* SpacingCellAdapter.swift */ = {isa = PBXFileReference; lastKnownFileType = sourcecode.swift; path = SpacingCellAdapter.swift; sourceTree = "<group>"; };
		57FBDC6429B5221D00B2FC3C /* HierarchichalTreeLayout.swift */ = {isa = PBXFileReference; lastKnownFileType = sourcecode.swift; path = HierarchichalTreeLayout.swift; sourceTree = "<group>"; };
		57FBDC6929B8BB0D00B2FC3C /* FlowLayoutLifecycleView.swift */ = {isa = PBXFileReference; lastKnownFileType = sourcecode.swift; path = FlowLayoutLifecycleView.swift; sourceTree = "<group>"; };
		57FBDC6B29B8BFA600B2FC3C /* FlowLayoutLifecycleViewLayout.swift */ = {isa = PBXFileReference; lastKnownFileType = sourcecode.swift; path = FlowLayoutLifecycleViewLayout.swift; sourceTree = "<group>"; };
/* End PBXFileReference section */

/* Begin PBXFrameworksBuildPhase section */
		57FBDC0929B3C53400B2FC3C /* Frameworks */ = {
			isa = PBXFrameworksBuildPhase;
			buildActionMask = 2147483647;
			files = (
				57FBDC2C29B3C80B00B2FC3C /* Differentiator in Frameworks */,
				57FBDC2929B3C7D900B2FC3C /* RxSwift in Frameworks */,
				57FBDC2729B3C7D900B2FC3C /* RxRelay in Frameworks */,
				57FBDC4829B3F1D700B2FC3C /* Then in Frameworks */,
				57FBDC3129B3CDD300B2FC3C /* SnapKit in Frameworks */,
				57FBDC2E29B3C80B00B2FC3C /* RxDataSources in Frameworks */,
				57FBDC2529B3C7D900B2FC3C /* RxCocoa in Frameworks */,
			);
			runOnlyForDeploymentPostprocessing = 0;
		};
/* End PBXFrameworksBuildPhase section */

/* Begin PBXGroup section */
		57FBDC0329B3C53400B2FC3C = {
			isa = PBXGroup;
			children = (
				57FBDC0E29B3C53400B2FC3C /* CollectionViewLayoutsPractice */,
				57FBDC0D29B3C53400B2FC3C /* Products */,
			);
			sourceTree = "<group>";
		};
		57FBDC0D29B3C53400B2FC3C /* Products */ = {
			isa = PBXGroup;
			children = (
				57FBDC0C29B3C53400B2FC3C /* CollectionViewLayoutsPractice.app */,
			);
			name = Products;
			sourceTree = "<group>";
		};
		57FBDC0E29B3C53400B2FC3C /* CollectionViewLayoutsPractice */ = {
			isa = PBXGroup;
			children = (
				57FBDC3229B3CDE900B2FC3C /* Application */,
				57FBDC3329B3CDFB00B2FC3C /* Presentation */,
				57FBDC1829B3C53500B2FC3C /* Assets.xcassets */,
				57FBDC1A29B3C53500B2FC3C /* LaunchScreen.storyboard */,
				57FBDC1D29B3C53500B2FC3C /* Info.plist */,
			);
			path = CollectionViewLayoutsPractice;
			sourceTree = "<group>";
		};
		57FBDC3229B3CDE900B2FC3C /* Application */ = {
			isa = PBXGroup;
			children = (
				57FBDC1129B3C53400B2FC3C /* SceneDelegate.swift */,
				57FBDC0F29B3C53400B2FC3C /* AppDelegate.swift */,
			);
			path = Application;
			sourceTree = "<group>";
		};
		57FBDC3329B3CDFB00B2FC3C /* Presentation */ = {
			isa = PBXGroup;
			children = (
				57FBDC6629B8BAB300B2FC3C /* FlowLayoutLifecycle */,
				57FBDC6329B521F400B2FC3C /* HierarchichalTreeLayout  */,
				57FBDC3429B3CE1000B2FC3C /* CompositionalLayout1View */,
			);
			path = Presentation;
			sourceTree = "<group>";
		};
		57FBDC3429B3CE1000B2FC3C /* CompositionalLayout1View */ = {
			isa = PBXGroup;
			children = (
				57FBDC1329B3C53400B2FC3C /* CompositionalLayout1View.swift */,
				57FBDC4B29B3F35C00B2FC3C /* CompositionalLayout1ViewModel.swift */,
				57FBDC3F29B3EDF500B2FC3C /* Subviews */,
				57FBDC3529B3CF2C00B2FC3C /* SectionAdapters */,
				57FBDC3629B3CF3500B2FC3C /* Cells */,
			);
			path = CompositionalLayout1View;
			sourceTree = "<group>";
		};
		57FBDC3529B3CF2C00B2FC3C /* SectionAdapters */ = {
			isa = PBXGroup;
			children = (
				57FBDC3929B3CF7900B2FC3C /* SectionConfirmAdapter.swift */,
				57FBDC3B29B3CF9600B2FC3C /* SectionCauseAdapter.swift */,
				57FBDC3D29B3E1E600B2FC3C /* SectionItemsAdapter.swift */,
				57FBDC5C29B4163E00B2FC3C /* SectionSpacingAdapter.swift */,
			);
			path = SectionAdapters;
			sourceTree = "<group>";
		};
		57FBDC3629B3CF3500B2FC3C /* Cells */ = {
			isa = PBXGroup;
			children = (
				57FBDC5529B405EF00B2FC3C /* ItemCell */,
				57FBDC4E29B3FD8000B2FC3C /* CauseCell */,
				57FBDC5E29B4166600B2FC3C /* SpacingCell */,
				57FBDC4D29B3FD7400B2FC3C /* ConfirmationRequiredCell */,
			);
			path = Cells;
			sourceTree = "<group>";
		};
		57FBDC3F29B3EDF500B2FC3C /* Subviews */ = {
			isa = PBXGroup;
			children = (
				57FBDC4029B3EDFF00B2FC3C /* BackgroundView.swift */,
			);
			path = Subviews;
			sourceTree = "<group>";
		};
		57FBDC4D29B3FD7400B2FC3C /* ConfirmationRequiredCell */ = {
			isa = PBXGroup;
			children = (
				57FBDC4429B3F06300B2FC3C /* ConfirmationRequiredCell.swift */,
				57FBDC4929B3F31900B2FC3C /* ConfirmationRequiredCellAdapter.swift */,
			);
			path = ConfirmationRequiredCell;
			sourceTree = "<group>";
		};
		57FBDC4E29B3FD8000B2FC3C /* CauseCell */ = {
			isa = PBXGroup;
			children = (
				57FBDC5129B4048C00B2FC3C /* CauseCell.swift */,
				57FBDC4F29B3FDA600B2FC3C /* CauseHeaderView.swift */,
				57FBDC5329B4049300B2FC3C /* CauseCellAdapter.swift */,
			);
			path = CauseCell;
			sourceTree = "<group>";
		};
		57FBDC5529B405EF00B2FC3C /* ItemCell */ = {
			isa = PBXGroup;
			children = (
				57FBDC5629B405FA00B2FC3C /* ItemCell.swift */,
				57FBDC5A29B4081000B2FC3C /* ItemHeaderView.swift */,
				57FBDC5829B4060C00B2FC3C /* ItemCellAdapter.swift */,
			);
			path = ItemCell;
			sourceTree = "<group>";
		};
		57FBDC5E29B4166600B2FC3C /* SpacingCell */ = {
			isa = PBXGroup;
			children = (
				57FBDC6129B4167F00B2FC3C /* SpacingCellAdapter.swift */,
			);
			path = SpacingCell;
			sourceTree = "<group>";
		};
		57FBDC6329B521F400B2FC3C /* HierarchichalTreeLayout  */ = {
			isa = PBXGroup;
			children = (
				57FBDC6429B5221D00B2FC3C /* HierarchichalTreeLayout.swift */,
			);
			path = "HierarchichalTreeLayout ";
			sourceTree = "<group>";
		};
		57FBDC6629B8BAB300B2FC3C /* FlowLayoutLifecycle */ = {
			isa = PBXGroup;
			children = (
				57FBDC6929B8BB0D00B2FC3C /* FlowLayoutLifecycleView.swift */,
				57FBDC6B29B8BFA600B2FC3C /* FlowLayoutLifecycleViewLayout.swift */,
			);
			path = FlowLayoutLifecycle;
			sourceTree = "<group>";
		};
/* End PBXGroup section */

/* Begin PBXNativeTarget section */
		57FBDC0B29B3C53400B2FC3C /* CollectionViewLayoutsPractice */ = {
			isa = PBXNativeTarget;
			buildConfigurationList = 57FBDC2029B3C53500B2FC3C /* Build configuration list for PBXNativeTarget "CollectionViewLayoutsPractice" */;
			buildPhases = (
				57FBDC0829B3C53400B2FC3C /* Sources */,
				57FBDC0929B3C53400B2FC3C /* Frameworks */,
				57FBDC0A29B3C53400B2FC3C /* Resources */,
			);
			buildRules = (
			);
			dependencies = (
			);
			name = CollectionViewLayoutsPractice;
			packageProductDependencies = (
				57FBDC2429B3C7D900B2FC3C /* RxCocoa */,
				57FBDC2629B3C7D900B2FC3C /* RxRelay */,
				57FBDC2829B3C7D900B2FC3C /* RxSwift */,
				57FBDC2B29B3C80B00B2FC3C /* Differentiator */,
				57FBDC2D29B3C80B00B2FC3C /* RxDataSources */,
				57FBDC3029B3CDD300B2FC3C /* SnapKit */,
				57FBDC4729B3F1D700B2FC3C /* Then */,
			);
			productName = CollectionViewLayoutsPractice;
			productReference = 57FBDC0C29B3C53400B2FC3C /* CollectionViewLayoutsPractice.app */;
			productType = "com.apple.product-type.application";
		};
/* End PBXNativeTarget section */

/* Begin PBXProject section */
		57FBDC0429B3C53400B2FC3C /* Project object */ = {
			isa = PBXProject;
			attributes = {
				BuildIndependentTargetsInParallel = 1;
				LastSwiftUpdateCheck = 1420;
				LastUpgradeCheck = 1420;
				TargetAttributes = {
					57FBDC0B29B3C53400B2FC3C = {
						CreatedOnToolsVersion = 14.2;
					};
				};
			};
			buildConfigurationList = 57FBDC0729B3C53400B2FC3C /* Build configuration list for PBXProject "CollectionViewLayoutsPractice" */;
			compatibilityVersion = "Xcode 14.0";
			developmentRegion = en;
			hasScannedForEncodings = 0;
			knownRegions = (
				en,
				Base,
			);
			mainGroup = 57FBDC0329B3C53400B2FC3C;
			packageReferences = (
				57FBDC2329B3C7D900B2FC3C /* XCRemoteSwiftPackageReference "RxSwift" */,
				57FBDC2A29B3C80B00B2FC3C /* XCRemoteSwiftPackageReference "RxDataSources" */,
				57FBDC2F29B3CDD300B2FC3C /* XCRemoteSwiftPackageReference "SnapKit" */,
				57FBDC4629B3F1D700B2FC3C /* XCRemoteSwiftPackageReference "Then" */,
			);
			productRefGroup = 57FBDC0D29B3C53400B2FC3C /* Products */;
			projectDirPath = "";
			projectRoot = "";
			targets = (
				57FBDC0B29B3C53400B2FC3C /* CollectionViewLayoutsPractice */,
			);
		};
/* End PBXProject section */

/* Begin PBXResourcesBuildPhase section */
		57FBDC0A29B3C53400B2FC3C /* Resources */ = {
			isa = PBXResourcesBuildPhase;
			buildActionMask = 2147483647;
			files = (
				57FBDC1C29B3C53500B2FC3C /* LaunchScreen.storyboard in Resources */,
				57FBDC1929B3C53500B2FC3C /* Assets.xcassets in Resources */,
			);
			runOnlyForDeploymentPostprocessing = 0;
		};
/* End PBXResourcesBuildPhase section */

/* Begin PBXSourcesBuildPhase section */
		57FBDC0829B3C53400B2FC3C /* Sources */ = {
			isa = PBXSourcesBuildPhase;
			buildActionMask = 2147483647;
			files = (
				57FBDC6529B5221D00B2FC3C /* HierarchichalTreeLayout.swift in Sources */,
				57FBDC5929B4060C00B2FC3C /* ItemCellAdapter.swift in Sources */,
				57FBDC1429B3C53400B2FC3C /* CompositionalLayout1View.swift in Sources */,
				57FBDC5429B4049300B2FC3C /* CauseCellAdapter.swift in Sources */,
				57FBDC5D29B4163E00B2FC3C /* SectionSpacingAdapter.swift in Sources */,
				57FBDC5029B3FDA600B2FC3C /* CauseHeaderView.swift in Sources */,
				57FBDC4529B3F06300B2FC3C /* ConfirmationRequiredCell.swift in Sources */,
				57FBDC3E29B3E1E600B2FC3C /* SectionItemsAdapter.swift in Sources */,
				57FBDC5229B4048C00B2FC3C /* CauseCell.swift in Sources */,
				57FBDC4C29B3F35C00B2FC3C /* CompositionalLayout1ViewModel.swift in Sources */,
				57FBDC1029B3C53400B2FC3C /* AppDelegate.swift in Sources */,
				57FBDC5B29B4081000B2FC3C /* ItemHeaderView.swift in Sources */,
				57FBDC4129B3EDFF00B2FC3C /* BackgroundView.swift in Sources */,
				57FBDC6229B4167F00B2FC3C /* SpacingCellAdapter.swift in Sources */,
				57FBDC6C29B8BFA600B2FC3C /* FlowLayoutLifecycleViewLayout.swift in Sources */,
				57FBDC3C29B3CF9600B2FC3C /* SectionCauseAdapter.swift in Sources */,
				57FBDC1229B3C53400B2FC3C /* SceneDelegate.swift in Sources */,
				57FBDC4A29B3F31900B2FC3C /* ConfirmationRequiredCellAdapter.swift in Sources */,
				57FBDC3A29B3CF7900B2FC3C /* SectionConfirmAdapter.swift in Sources */,
				57FBDC6A29B8BB0D00B2FC3C /* FlowLayoutLifecycleView.swift in Sources */,
				57FBDC5729B405FA00B2FC3C /* ItemCell.swift in Sources */,
			);
			runOnlyForDeploymentPostprocessing = 0;
		};
/* End PBXSourcesBuildPhase section */

/* Begin PBXVariantGroup section */
		57FBDC1A29B3C53500B2FC3C /* LaunchScreen.storyboard */ = {
			isa = PBXVariantGroup;
			children = (
				57FBDC1B29B3C53500B2FC3C /* Base */,
			);
			name = LaunchScreen.storyboard;
			sourceTree = "<group>";
		};
/* End PBXVariantGroup section */

/* Begin XCBuildConfiguration section */
		57FBDC1E29B3C53500B2FC3C /* Debug */ = {
			isa = XCBuildConfiguration;
			buildSettings = {
				ALWAYS_SEARCH_USER_PATHS = NO;
				CLANG_ANALYZER_NONNULL = YES;
				CLANG_ANALYZER_NUMBER_OBJECT_CONVERSION = YES_AGGRESSIVE;
				CLANG_CXX_LANGUAGE_STANDARD = "gnu++20";
				CLANG_ENABLE_MODULES = YES;
				CLANG_ENABLE_OBJC_ARC = YES;
				CLANG_ENABLE_OBJC_WEAK = YES;
				CLANG_WARN_BLOCK_CAPTURE_AUTORELEASING = YES;
				CLANG_WARN_BOOL_CONVERSION = YES;
				CLANG_WARN_COMMA = YES;
				CLANG_WARN_CONSTANT_CONVERSION = YES;
				CLANG_WARN_DEPRECATED_OBJC_IMPLEMENTATIONS = YES;
				CLANG_WARN_DIRECT_OBJC_ISA_USAGE = YES_ERROR;
				CLANG_WARN_DOCUMENTATION_COMMENTS = YES;
				CLANG_WARN_EMPTY_BODY = YES;
				CLANG_WARN_ENUM_CONVERSION = YES;
				CLANG_WARN_INFINITE_RECURSION = YES;
				CLANG_WARN_INT_CONVERSION = YES;
				CLANG_WARN_NON_LITERAL_NULL_CONVERSION = YES;
				CLANG_WARN_OBJC_IMPLICIT_RETAIN_SELF = YES;
				CLANG_WARN_OBJC_LITERAL_CONVERSION = YES;
				CLANG_WARN_OBJC_ROOT_CLASS = YES_ERROR;
				CLANG_WARN_QUOTED_INCLUDE_IN_FRAMEWORK_HEADER = YES;
				CLANG_WARN_RANGE_LOOP_ANALYSIS = YES;
				CLANG_WARN_STRICT_PROTOTYPES = YES;
				CLANG_WARN_SUSPICIOUS_MOVE = YES;
				CLANG_WARN_UNGUARDED_AVAILABILITY = YES_AGGRESSIVE;
				CLANG_WARN_UNREACHABLE_CODE = YES;
				CLANG_WARN__DUPLICATE_METHOD_MATCH = YES;
				COPY_PHASE_STRIP = NO;
				DEBUG_INFORMATION_FORMAT = dwarf;
				ENABLE_STRICT_OBJC_MSGSEND = YES;
				ENABLE_TESTABILITY = YES;
				GCC_C_LANGUAGE_STANDARD = gnu11;
				GCC_DYNAMIC_NO_PIC = NO;
				GCC_NO_COMMON_BLOCKS = YES;
				GCC_OPTIMIZATION_LEVEL = 0;
				GCC_PREPROCESSOR_DEFINITIONS = (
					"DEBUG=1",
					"$(inherited)",
				);
				GCC_WARN_64_TO_32_BIT_CONVERSION = YES;
				GCC_WARN_ABOUT_RETURN_TYPE = YES_ERROR;
				GCC_WARN_UNDECLARED_SELECTOR = YES;
				GCC_WARN_UNINITIALIZED_AUTOS = YES_AGGRESSIVE;
				GCC_WARN_UNUSED_FUNCTION = YES;
				GCC_WARN_UNUSED_VARIABLE = YES;
				IPHONEOS_DEPLOYMENT_TARGET = 16.2;
				MTL_ENABLE_DEBUG_INFO = INCLUDE_SOURCE;
				MTL_FAST_MATH = YES;
				ONLY_ACTIVE_ARCH = YES;
				SDKROOT = iphoneos;
				SWIFT_ACTIVE_COMPILATION_CONDITIONS = DEBUG;
				SWIFT_OPTIMIZATION_LEVEL = "-Onone";
			};
			name = Debug;
		};
		57FBDC1F29B3C53500B2FC3C /* Release */ = {
			isa = XCBuildConfiguration;
			buildSettings = {
				ALWAYS_SEARCH_USER_PATHS = NO;
				CLANG_ANALYZER_NONNULL = YES;
				CLANG_ANALYZER_NUMBER_OBJECT_CONVERSION = YES_AGGRESSIVE;
				CLANG_CXX_LANGUAGE_STANDARD = "gnu++20";
				CLANG_ENABLE_MODULES = YES;
				CLANG_ENABLE_OBJC_ARC = YES;
				CLANG_ENABLE_OBJC_WEAK = YES;
				CLANG_WARN_BLOCK_CAPTURE_AUTORELEASING = YES;
				CLANG_WARN_BOOL_CONVERSION = YES;
				CLANG_WARN_COMMA = YES;
				CLANG_WARN_CONSTANT_CONVERSION = YES;
				CLANG_WARN_DEPRECATED_OBJC_IMPLEMENTATIONS = YES;
				CLANG_WARN_DIRECT_OBJC_ISA_USAGE = YES_ERROR;
				CLANG_WARN_DOCUMENTATION_COMMENTS = YES;
				CLANG_WARN_EMPTY_BODY = YES;
				CLANG_WARN_ENUM_CONVERSION = YES;
				CLANG_WARN_INFINITE_RECURSION = YES;
				CLANG_WARN_INT_CONVERSION = YES;
				CLANG_WARN_NON_LITERAL_NULL_CONVERSION = YES;
				CLANG_WARN_OBJC_IMPLICIT_RETAIN_SELF = YES;
				CLANG_WARN_OBJC_LITERAL_CONVERSION = YES;
				CLANG_WARN_OBJC_ROOT_CLASS = YES_ERROR;
				CLANG_WARN_QUOTED_INCLUDE_IN_FRAMEWORK_HEADER = YES;
				CLANG_WARN_RANGE_LOOP_ANALYSIS = YES;
				CLANG_WARN_STRICT_PROTOTYPES = YES;
				CLANG_WARN_SUSPICIOUS_MOVE = YES;
				CLANG_WARN_UNGUARDED_AVAILABILITY = YES_AGGRESSIVE;
				CLANG_WARN_UNREACHABLE_CODE = YES;
				CLANG_WARN__DUPLICATE_METHOD_MATCH = YES;
				COPY_PHASE_STRIP = NO;
				DEBUG_INFORMATION_FORMAT = "dwarf-with-dsym";
				ENABLE_NS_ASSERTIONS = NO;
				ENABLE_STRICT_OBJC_MSGSEND = YES;
				GCC_C_LANGUAGE_STANDARD = gnu11;
				GCC_NO_COMMON_BLOCKS = YES;
				GCC_WARN_64_TO_32_BIT_CONVERSION = YES;
				GCC_WARN_ABOUT_RETURN_TYPE = YES_ERROR;
				GCC_WARN_UNDECLARED_SELECTOR = YES;
				GCC_WARN_UNINITIALIZED_AUTOS = YES_AGGRESSIVE;
				GCC_WARN_UNUSED_FUNCTION = YES;
				GCC_WARN_UNUSED_VARIABLE = YES;
				IPHONEOS_DEPLOYMENT_TARGET = 16.2;
				MTL_ENABLE_DEBUG_INFO = NO;
				MTL_FAST_MATH = YES;
				SDKROOT = iphoneos;
				SWIFT_COMPILATION_MODE = wholemodule;
				SWIFT_OPTIMIZATION_LEVEL = "-O";
				VALIDATE_PRODUCT = YES;
			};
			name = Release;
		};
		57FBDC2129B3C53500B2FC3C /* Debug */ = {
			isa = XCBuildConfiguration;
			buildSettings = {
				ASSETCATALOG_COMPILER_APPICON_NAME = AppIcon;
				ASSETCATALOG_COMPILER_GLOBAL_ACCENT_COLOR_NAME = AccentColor;
				CODE_SIGN_STYLE = Automatic;
				CURRENT_PROJECT_VERSION = 1;
				DEVELOPMENT_TEAM = 4PM46468DE;
				GENERATE_INFOPLIST_FILE = YES;
				INFOPLIST_FILE = CollectionViewLayoutsPractice/Info.plist;
				INFOPLIST_KEY_UIApplicationSupportsIndirectInputEvents = YES;
				INFOPLIST_KEY_UILaunchStoryboardName = LaunchScreen;
				INFOPLIST_KEY_UIMainStoryboardFile = "";
				INFOPLIST_KEY_UISupportedInterfaceOrientations_iPad = "UIInterfaceOrientationPortrait UIInterfaceOrientationPortraitUpsideDown UIInterfaceOrientationLandscapeLeft UIInterfaceOrientationLandscapeRight";
				INFOPLIST_KEY_UISupportedInterfaceOrientations_iPhone = "UIInterfaceOrientationPortrait UIInterfaceOrientationLandscapeLeft UIInterfaceOrientationLandscapeRight";
				LD_RUNPATH_SEARCH_PATHS = (
					"$(inherited)",
					"@executable_path/Frameworks",
				);
				MARKETING_VERSION = 1.0;
				PRODUCT_BUNDLE_IDENTIFIER = "dev.yaroslav-zhurbilo.CollectionViewLayoutsPractice";
				PRODUCT_NAME = "$(TARGET_NAME)";
				SWIFT_EMIT_LOC_STRINGS = YES;
				SWIFT_VERSION = 5.0;
				TARGETED_DEVICE_FAMILY = "1,2";
			};
			name = Debug;
		};
		57FBDC2229B3C53500B2FC3C /* Release */ = {
			isa = XCBuildConfiguration;
			buildSettings = {
				ASSETCATALOG_COMPILER_APPICON_NAME = AppIcon;
				ASSETCATALOG_COMPILER_GLOBAL_ACCENT_COLOR_NAME = AccentColor;
				CODE_SIGN_STYLE = Automatic;
				CURRENT_PROJECT_VERSION = 1;
				DEVELOPMENT_TEAM = 4PM46468DE;
				GENERATE_INFOPLIST_FILE = YES;
				INFOPLIST_FILE = CollectionViewLayoutsPractice/Info.plist;
				INFOPLIST_KEY_UIApplicationSupportsIndirectInputEvents = YES;
				INFOPLIST_KEY_UILaunchStoryboardName = LaunchScreen;
				INFOPLIST_KEY_UIMainStoryboardFile = "";
				INFOPLIST_KEY_UISupportedInterfaceOrientations_iPad = "UIInterfaceOrientationPortrait UIInterfaceOrientationPortraitUpsideDown UIInterfaceOrientationLandscapeLeft UIInterfaceOrientationLandscapeRight";
				INFOPLIST_KEY_UISupportedInterfaceOrientations_iPhone = "UIInterfaceOrientationPortrait UIInterfaceOrientationLandscapeLeft UIInterfaceOrientationLandscapeRight";
				LD_RUNPATH_SEARCH_PATHS = (
					"$(inherited)",
					"@executable_path/Frameworks",
				);
				MARKETING_VERSION = 1.0;
				PRODUCT_BUNDLE_IDENTIFIER = "dev.yaroslav-zhurbilo.CollectionViewLayoutsPractice";
				PRODUCT_NAME = "$(TARGET_NAME)";
				SWIFT_EMIT_LOC_STRINGS = YES;
				SWIFT_VERSION = 5.0;
				TARGETED_DEVICE_FAMILY = "1,2";
			};
			name = Release;
		};
/* End XCBuildConfiguration section */

/* Begin XCConfigurationList section */
		57FBDC0729B3C53400B2FC3C /* Build configuration list for PBXProject "CollectionViewLayoutsPractice" */ = {
			isa = XCConfigurationList;
			buildConfigurations = (
				57FBDC1E29B3C53500B2FC3C /* Debug */,
				57FBDC1F29B3C53500B2FC3C /* Release */,
			);
			defaultConfigurationIsVisible = 0;
			defaultConfigurationName = Release;
		};
		57FBDC2029B3C53500B2FC3C /* Build configuration list for PBXNativeTarget "CollectionViewLayoutsPractice" */ = {
			isa = XCConfigurationList;
			buildConfigurations = (
				57FBDC2129B3C53500B2FC3C /* Debug */,
				57FBDC2229B3C53500B2FC3C /* Release */,
			);
			defaultConfigurationIsVisible = 0;
			defaultConfigurationName = Release;
		};
/* End XCConfigurationList section */

/* Begin XCRemoteSwiftPackageReference section */
		57FBDC2329B3C7D900B2FC3C /* XCRemoteSwiftPackageReference "RxSwift" */ = {
			isa = XCRemoteSwiftPackageReference;
			repositoryURL = "https://github.com/ReactiveX/RxSwift";
			requirement = {
				kind = upToNextMajorVersion;
				minimumVersion = 6.0.0;
			};
		};
		57FBDC2A29B3C80B00B2FC3C /* XCRemoteSwiftPackageReference "RxDataSources" */ = {
			isa = XCRemoteSwiftPackageReference;
			repositoryURL = "https://github.com/RxSwiftCommunity/RxDataSources";
			requirement = {
				kind = upToNextMajorVersion;
				minimumVersion = 5.0.0;
			};
		};
		57FBDC2F29B3CDD300B2FC3C /* XCRemoteSwiftPackageReference "SnapKit" */ = {
			isa = XCRemoteSwiftPackageReference;
			repositoryURL = "https://github.com/SnapKit/SnapKit";
			requirement = {
				kind = upToNextMajorVersion;
				minimumVersion = 5.0.0;
			};
		};
		57FBDC4629B3F1D700B2FC3C /* XCRemoteSwiftPackageReference "Then" */ = {
			isa = XCRemoteSwiftPackageReference;
			repositoryURL = "https://github.com/devxoul/Then";
			requirement = {
				kind = upToNextMajorVersion;
				minimumVersion = 3.0.0;
			};
		};
/* End XCRemoteSwiftPackageReference section */

/* Begin XCSwiftPackageProductDependency section */
		57FBDC2429B3C7D900B2FC3C /* RxCocoa */ = {
			isa = XCSwiftPackageProductDependency;
			package = 57FBDC2329B3C7D900B2FC3C /* XCRemoteSwiftPackageReference "RxSwift" */;
			productName = RxCocoa;
		};
		57FBDC2629B3C7D900B2FC3C /* RxRelay */ = {
			isa = XCSwiftPackageProductDependency;
			package = 57FBDC2329B3C7D900B2FC3C /* XCRemoteSwiftPackageReference "RxSwift" */;
			productName = RxRelay;
		};
		57FBDC2829B3C7D900B2FC3C /* RxSwift */ = {
			isa = XCSwiftPackageProductDependency;
			package = 57FBDC2329B3C7D900B2FC3C /* XCRemoteSwiftPackageReference "RxSwift" */;
			productName = RxSwift;
		};
		57FBDC2B29B3C80B00B2FC3C /* Differentiator */ = {
			isa = XCSwiftPackageProductDependency;
			package = 57FBDC2A29B3C80B00B2FC3C /* XCRemoteSwiftPackageReference "RxDataSources" */;
			productName = Differentiator;
		};
		57FBDC2D29B3C80B00B2FC3C /* RxDataSources */ = {
			isa = XCSwiftPackageProductDependency;
			package = 57FBDC2A29B3C80B00B2FC3C /* XCRemoteSwiftPackageReference "RxDataSources" */;
			productName = RxDataSources;
		};
		57FBDC3029B3CDD300B2FC3C /* SnapKit */ = {
			isa = XCSwiftPackageProductDependency;
			package = 57FBDC2F29B3CDD300B2FC3C /* XCRemoteSwiftPackageReference "SnapKit" */;
			productName = SnapKit;
		};
		57FBDC4729B3F1D700B2FC3C /* Then */ = {
			isa = XCSwiftPackageProductDependency;
			package = 57FBDC4629B3F1D700B2FC3C /* XCRemoteSwiftPackageReference "Then" */;
			productName = Then;
		};
/* End XCSwiftPackageProductDependency section */
	};
	rootObject = 57FBDC0429B3C53400B2FC3C /* Project object */;
}
