// !$*UTF8*$!
{
	archiveVersion = 1;
	classes = {
	};
	objectVersion = 56;
	objects = {

/* Begin PBXBuildFile section */
		57FBDC1029B3C53400B2FC3C /* AppDelegate.swift in Sources */ = {isa = PBXBuildFile; fileRef = 57FBDC0F29B3C53400B2FC3C /* AppDelegate.swift */; };
		57FBDC1229B3C53400B2FC3C /* SceneDelegate.swift in Sources */ = {isa = PBXBuildFile; fileRef = 57FBDC1129B3C53400B2FC3C /* SceneDelegate.swift */; };
		57FBDC1429B3C53400B2FC3C /* ViewController.swift in Sources */ = {isa = PBXBuildFile; fileRef = 57FBDC1329B3C53400B2FC3C /* ViewController.swift */; };
		57FBDC1729B3C53400B2FC3C /* Main.storyboard in Resources */ = {isa = PBXBuildFile; fileRef = 57FBDC1529B3C53400B2FC3C /* Main.storyboard */; };
		57FBDC1929B3C53500B2FC3C /* Assets.xcassets in Resources */ = {isa = PBXBuildFile; fileRef = 57FBDC1829B3C53500B2FC3C /* Assets.xcassets */; };
		57FBDC1C29B3C53500B2FC3C /* LaunchScreen.storyboard in Resources */ = {isa = PBXBuildFile; fileRef = 57FBDC1A29B3C53500B2FC3C /* LaunchScreen.storyboard */; };
		57FBDC2529B3C7D900B2FC3C /* RxCocoa in Frameworks */ = {isa = PBXBuildFile; productRef = 57FBDC2429B3C7D900B2FC3C /* RxCocoa */; };
		57FBDC2729B3C7D900B2FC3C /* RxRelay in Frameworks */ = {isa = PBXBuildFile; productRef = 57FBDC2629B3C7D900B2FC3C /* RxRelay */; };
		57FBDC2929B3C7D900B2FC3C /* RxSwift in Frameworks */ = {isa = PBXBuildFile; productRef = 57FBDC2829B3C7D900B2FC3C /* RxSwift */; };
		57FBDC2C29B3C80B00B2FC3C /* Differentiator in Frameworks */ = {isa = PBXBuildFile; productRef = 57FBDC2B29B3C80B00B2FC3C /* Differentiator */; };
		57FBDC2E29B3C80B00B2FC3C /* RxDataSources in Frameworks */ = {isa = PBXBuildFile; productRef = 57FBDC2D29B3C80B00B2FC3C /* RxDataSources */; };
/* End PBXBuildFile section */

/* Begin PBXFileReference section */
		57FBDC0C29B3C53400B2FC3C /* CollectionViewLayoutsPractice.app */ = {isa = PBXFileReference; explicitFileType = wrapper.application; includeInIndex = 0; path = CollectionViewLayoutsPractice.app; sourceTree = BUILT_PRODUCTS_DIR; };
		57FBDC0F29B3C53400B2FC3C /* AppDelegate.swift */ = {isa = PBXFileReference; lastKnownFileType = sourcecode.swift; path = AppDelegate.swift; sourceTree = "<group>"; };
		57FBDC1129B3C53400B2FC3C /* SceneDelegate.swift */ = {isa = PBXFileReference; lastKnownFileType = sourcecode.swift; path = SceneDelegate.swift; sourceTree = "<group>"; };
		57FBDC1329B3C53400B2FC3C /* ViewController.swift */ = {isa = PBXFileReference; lastKnownFileType = sourcecode.swift; path = ViewController.swift; sourceTree = "<group>"; };
		57FBDC1629B3C53400B2FC3C /* Base */ = {isa = PBXFileReference; lastKnownFileType = file.storyboard; name = Base; path = Base.lproj/Main.storyboard; sourceTree = "<group>"; };
		57FBDC1829B3C53500B2FC3C /* Assets.xcassets */ = {isa = PBXFileReference; lastKnownFileType = folder.assetcatalog; path = Assets.xcassets; sourceTree = "<group>"; };
		57FBDC1B29B3C53500B2FC3C /* Base */ = {isa = PBXFileReference; lastKnownFileType = file.storyboard; name = Base; path = Base.lproj/LaunchScreen.storyboard; sourceTree = "<group>"; };
		57FBDC1D29B3C53500B2FC3C /* Info.plist */ = {isa = PBXFileReference; lastKnownFileType = text.plist.xml; path = Info.plist; sourceTree = "<group>"; };
/* End PBXFileReference section */

/* Begin PBXFrameworksBuildPhase section */
		57FBDC0929B3C53400B2FC3C /* Frameworks */ = {
			isa = PBXFrameworksBuildPhase;
			buildActionMask = 2147483647;
			files = (
				57FBDC2C29B3C80B00B2FC3C /* Differentiator in Frameworks */,
				57FBDC2929B3C7D900B2FC3C /* RxSwift in Frameworks */,
				57FBDC2729B3C7D900B2FC3C /* RxRelay in Frameworks */,
				57FBDC2E29B3C80B00B2FC3C /* RxDataSources in Frameworks */,
				57FBDC2529B3C7D900B2FC3C /* RxCocoa in Frameworks */,
			);
			runOnlyForDeploymentPostprocessing = 0;
		};
/* End PBXFrameworksBuildPhase section */

/* Begin PBXGroup section */
		57FBDC0329B3C53400B2FC3C = {
			isa = PBXGroup;
			children = (
				57FBDC0E29B3C53400B2FC3C /* CollectionViewLayoutsPractice */,
				57FBDC0D29B3C53400B2FC3C /* Products */,
			);
			sourceTree = "<group>";
		};
		57FBDC0D29B3C53400B2FC3C /* Products */ = {
			isa = PBXGroup;
			children = (
				57FBDC0C29B3C53400B2FC3C /* CollectionViewLayoutsPractice.app */,
			);
			name = Products;
			sourceTree = "<group>";
		};
		57FBDC0E29B3C53400B2FC3C /* CollectionViewLayoutsPractice */ = {
			isa = PBXGroup;
			children = (
				57FBDC0F29B3C53400B2FC3C /* AppDelegate.swift */,
				57FBDC1129B3C53400B2FC3C /* SceneDelegate.swift */,
				57FBDC1329B3C53400B2FC3C /* ViewController.swift */,
				57FBDC1529B3C53400B2FC3C /* Main.storyboard */,
				57FBDC1829B3C53500B2FC3C /* Assets.xcassets */,
				57FBDC1A29B3C53500B2FC3C /* LaunchScreen.storyboard */,
				57FBDC1D29B3C53500B2FC3C /* Info.plist */,
			);
			path = CollectionViewLayoutsPractice;
			sourceTree = "<group>";
		};
/* End PBXGroup section */

/* Begin PBXNativeTarget section */
		57FBDC0B29B3C53400B2FC3C /* CollectionViewLayoutsPractice */ = {
			isa = PBXNativeTarget;
			buildConfigurationList = 57FBDC2029B3C53500B2FC3C /* Build configuration list for PBXNativeTarget "CollectionViewLayoutsPractice" */;
			buildPhases = (
				57FBDC0829B3C53400B2FC3C /* Sources */,
				57FBDC0929B3C53400B2FC3C /* Frameworks */,
				57FBDC0A29B3C53400B2FC3C /* Resources */,
			);
			buildRules = (
			);
			dependencies = (
			);
			name = CollectionViewLayoutsPractice;
			packageProductDependencies = (
				57FBDC2429B3C7D900B2FC3C /* RxCocoa */,
				57FBDC2629B3C7D900B2FC3C /* RxRelay */,
				57FBDC2829B3C7D900B2FC3C /* RxSwift */,
				57FBDC2B29B3C80B00B2FC3C /* Differentiator */,
				57FBDC2D29B3C80B00B2FC3C /* RxDataSources */,
			);
			productName = CollectionViewLayoutsPractice;
			productReference = 57FBDC0C29B3C53400B2FC3C /* CollectionViewLayoutsPractice.app */;
			productType = "com.apple.product-type.application";
		};
/* End PBXNativeTarget section */

/* Begin PBXProject section */
		57FBDC0429B3C53400B2FC3C /* Project object */ = {
			isa = PBXProject;
			attributes = {
				BuildIndependentTargetsInParallel = 1;
				LastSwiftUpdateCheck = 1420;
				LastUpgradeCheck = 1420;
				TargetAttributes = {
					57FBDC0B29B3C53400B2FC3C = {
						CreatedOnToolsVersion = 14.2;
					};
				};
			};
			buildConfigurationList = 57FBDC0729B3C53400B2FC3C /* Build configuration list for PBXProject "CollectionViewLayoutsPractice" */;
			compatibilityVersion = "Xcode 14.0";
			developmentRegion = en;
			hasScannedForEncodings = 0;
			knownRegions = (
				en,
				Base,
			);
			mainGroup = 57FBDC0329B3C53400B2FC3C;
			packageReferences = (
				57FBDC2329B3C7D900B2FC3C /* XCRemoteSwiftPackageReference "RxSwift" */,
				57FBDC2A29B3C80B00B2FC3C /* XCRemoteSwiftPackageReference "RxDataSources" */,
			);
			productRefGroup = 57FBDC0D29B3C53400B2FC3C /* Products */;
			projectDirPath = "";
			projectRoot = "";
			targets = (
				57FBDC0B29B3C53400B2FC3C /* CollectionViewLayoutsPractice */,
			);
		};
/* End PBXProject section */

/* Begin PBXResourcesBuildPhase section */
		57FBDC0A29B3C53400B2FC3C /* Resources */ = {
			isa = PBXResourcesBuildPhase;
			buildActionMask = 2147483647;
			files = (
				57FBDC1C29B3C53500B2FC3C /* LaunchScreen.storyboard in Resources */,
				57FBDC1929B3C53500B2FC3C /* Assets.xcassets in Resources */,
				57FBDC1729B3C53400B2FC3C /* Main.storyboard in Resources */,
			);
			runOnlyForDeploymentPostprocessing = 0;
		};
/* End PBXResourcesBuildPhase section */

/* Begin PBXSourcesBuildPhase section */
		57FBDC0829B3C53400B2FC3C /* Sources */ = {
			isa = PBXSourcesBuildPhase;
			buildActionMask = 2147483647;
			files = (
				57FBDC1429B3C53400B2FC3C /* ViewController.swift in Sources */,
				57FBDC1029B3C53400B2FC3C /* AppDelegate.swift in Sources */,
				57FBDC1229B3C53400B2FC3C /* SceneDelegate.swift in Sources */,
			);
			runOnlyForDeploymentPostprocessing = 0;
		};
/* End PBXSourcesBuildPhase section */

/* Begin PBXVariantGroup section */
		57FBDC1529B3C53400B2FC3C /* Main.storyboard */ = {
			isa = PBXVariantGroup;
			children = (
				57FBDC1629B3C53400B2FC3C /* Base */,
			);
			name = Main.storyboard;
			sourceTree = "<group>";
		};
		57FBDC1A29B3C53500B2FC3C /* LaunchScreen.storyboard */ = {
			isa = PBXVariantGroup;
			children = (
				57FBDC1B29B3C53500B2FC3C /* Base */,
			);
			name = LaunchScreen.storyboard;
			sourceTree = "<group>";
		};
/* End PBXVariantGroup section */

/* Begin XCBuildConfiguration section */
		57FBDC1E29B3C53500B2FC3C /* Debug */ = {
			isa = XCBuildConfiguration;
			buildSettings = {
				ALWAYS_SEARCH_USER_PATHS = NO;
				CLANG_ANALYZER_NONNULL = YES;
				CLANG_ANALYZER_NUMBER_OBJECT_CONVERSION = YES_AGGRESSIVE;
				CLANG_CXX_LANGUAGE_STANDARD = "gnu++20";
				CLANG_ENABLE_MODULES = YES;
				CLANG_ENABLE_OBJC_ARC = YES;
				CLANG_ENABLE_OBJC_WEAK = YES;
				CLANG_WARN_BLOCK_CAPTURE_AUTORELEASING = YES;
				CLANG_WARN_BOOL_CONVERSION = YES;
				CLANG_WARN_COMMA = YES;
				CLANG_WARN_CONSTANT_CONVERSION = YES;
				CLANG_WARN_DEPRECATED_OBJC_IMPLEMENTATIONS = YES;
				CLANG_WARN_DIRECT_OBJC_ISA_USAGE = YES_ERROR;
				CLANG_WARN_DOCUMENTATION_COMMENTS = YES;
				CLANG_WARN_EMPTY_BODY = YES;
				CLANG_WARN_ENUM_CONVERSION = YES;
				CLANG_WARN_INFINITE_RECURSION = YES;
				CLANG_WARN_INT_CONVERSION = YES;
				CLANG_WARN_NON_LITERAL_NULL_CONVERSION = YES;
				CLANG_WARN_OBJC_IMPLICIT_RETAIN_SELF = YES;
				CLANG_WARN_OBJC_LITERAL_CONVERSION = YES;
				CLANG_WARN_OBJC_ROOT_CLASS = YES_ERROR;
				CLANG_WARN_QUOTED_INCLUDE_IN_FRAMEWORK_HEADER = YES;
				CLANG_WARN_RANGE_LOOP_ANALYSIS = YES;
				CLANG_WARN_STRICT_PROTOTYPES = YES;
				CLANG_WARN_SUSPICIOUS_MOVE = YES;
				CLANG_WARN_UNGUARDED_AVAILABILITY = YES_AGGRESSIVE;
				CLANG_WARN_UNREACHABLE_CODE = YES;
				CLANG_WARN__DUPLICATE_METHOD_MATCH = YES;
				COPY_PHASE_STRIP = NO;
				DEBUG_INFORMATION_FORMAT = dwarf;
				ENABLE_STRICT_OBJC_MSGSEND = YES;
				ENABLE_TESTABILITY = YES;
				GCC_C_LANGUAGE_STANDARD = gnu11;
				GCC_DYNAMIC_NO_PIC = NO;
				GCC_NO_COMMON_BLOCKS = YES;
				GCC_OPTIMIZATION_LEVEL = 0;
				GCC_PREPROCESSOR_DEFINITIONS = (
					"DEBUG=1",
					"$(inherited)",
				);
				GCC_WARN_64_TO_32_BIT_CONVERSION = YES;
				GCC_WARN_ABOUT_RETURN_TYPE = YES_ERROR;
				GCC_WARN_UNDECLARED_SELECTOR = YES;
				GCC_WARN_UNINITIALIZED_AUTOS = YES_AGGRESSIVE;
				GCC_WARN_UNUSED_FUNCTION = YES;
				GCC_WARN_UNUSED_VARIABLE = YES;
				IPHONEOS_DEPLOYMENT_TARGET = 16.2;
				MTL_ENABLE_DEBUG_INFO = INCLUDE_SOURCE;
				MTL_FAST_MATH = YES;
				ONLY_ACTIVE_ARCH = YES;
				SDKROOT = iphoneos;
				SWIFT_ACTIVE_COMPILATION_CONDITIONS = DEBUG;
				SWIFT_OPTIMIZATION_LEVEL = "-Onone";
			};
			name = Debug;
		};
		57FBDC1F29B3C53500B2FC3C /* Release */ = {
			isa = XCBuildConfiguration;
			buildSettings = {
				ALWAYS_SEARCH_USER_PATHS = NO;
				CLANG_ANALYZER_NONNULL = YES;
				CLANG_ANALYZER_NUMBER_OBJECT_CONVERSION = YES_AGGRESSIVE;
				CLANG_CXX_LANGUAGE_STANDARD = "gnu++20";
				CLANG_ENABLE_MODULES = YES;
				CLANG_ENABLE_OBJC_ARC = YES;
				CLANG_ENABLE_OBJC_WEAK = YES;
				CLANG_WARN_BLOCK_CAPTURE_AUTORELEASING = YES;
				CLANG_WARN_BOOL_CONVERSION = YES;
				CLANG_WARN_COMMA = YES;
				CLANG_WARN_CONSTANT_CONVERSION = YES;
				CLANG_WARN_DEPRECATED_OBJC_IMPLEMENTATIONS = YES;
				CLANG_WARN_DIRECT_OBJC_ISA_USAGE = YES_ERROR;
				CLANG_WARN_DOCUMENTATION_COMMENTS = YES;
				CLANG_WARN_EMPTY_BODY = YES;
				CLANG_WARN_ENUM_CONVERSION = YES;
				CLANG_WARN_INFINITE_RECURSION = YES;
				CLANG_WARN_INT_CONVERSION = YES;
				CLANG_WARN_NON_LITERAL_NULL_CONVERSION = YES;
				CLANG_WARN_OBJC_IMPLICIT_RETAIN_SELF = YES;
				CLANG_WARN_OBJC_LITERAL_CONVERSION = YES;
				CLANG_WARN_OBJC_ROOT_CLASS = YES_ERROR;
				CLANG_WARN_QUOTED_INCLUDE_IN_FRAMEWORK_HEADER = YES;
				CLANG_WARN_RANGE_LOOP_ANALYSIS = YES;
				CLANG_WARN_STRICT_PROTOTYPES = YES;
				CLANG_WARN_SUSPICIOUS_MOVE = YES;
				CLANG_WARN_UNGUARDED_AVAILABILITY = YES_AGGRESSIVE;
				CLANG_WARN_UNREACHABLE_CODE = YES;
				CLANG_WARN__DUPLICATE_METHOD_MATCH = YES;
				COPY_PHASE_STRIP = NO;
				DEBUG_INFORMATION_FORMAT = "dwarf-with-dsym";
				ENABLE_NS_ASSERTIONS = NO;
				ENABLE_STRICT_OBJC_MSGSEND = YES;
				GCC_C_LANGUAGE_STANDARD = gnu11;
				GCC_NO_COMMON_BLOCKS = YES;
				GCC_WARN_64_TO_32_BIT_CONVERSION = YES;
				GCC_WARN_ABOUT_RETURN_TYPE = YES_ERROR;
				GCC_WARN_UNDECLARED_SELECTOR = YES;
				GCC_WARN_UNINITIALIZED_AUTOS = YES_AGGRESSIVE;
				GCC_WARN_UNUSED_FUNCTION = YES;
				GCC_WARN_UNUSED_VARIABLE = YES;
				IPHONEOS_DEPLOYMENT_TARGET = 16.2;
				MTL_ENABLE_DEBUG_INFO = NO;
				MTL_FAST_MATH = YES;
				SDKROOT = iphoneos;
				SWIFT_COMPILATION_MODE = wholemodule;
				SWIFT_OPTIMIZATION_LEVEL = "-O";
				VALIDATE_PRODUCT = YES;
			};
			name = Release;
		};
		57FBDC2129B3C53500B2FC3C /* Debug */ = {
			isa = XCBuildConfiguration;
			buildSettings = {
				ASSETCATALOG_COMPILER_APPICON_NAME = AppIcon;
				ASSETCATALOG_COMPILER_GLOBAL_ACCENT_COLOR_NAME = AccentColor;
				CODE_SIGN_STYLE = Automatic;
				CURRENT_PROJECT_VERSION = 1;
				DEVELOPMENT_TEAM = 4PM46468DE;
				GENERATE_INFOPLIST_FILE = YES;
				INFOPLIST_FILE = CollectionViewLayoutsPractice/Info.plist;
				INFOPLIST_KEY_UIApplicationSupportsIndirectInputEvents = YES;
				INFOPLIST_KEY_UILaunchStoryboardName = LaunchScreen;
				INFOPLIST_KEY_UIMainStoryboardFile = Main;
				INFOPLIST_KEY_UISupportedInterfaceOrientations_iPad = "UIInterfaceOrientationPortrait UIInterfaceOrientationPortraitUpsideDown UIInterfaceOrientationLandscapeLeft UIInterfaceOrientationLandscapeRight";
				INFOPLIST_KEY_UISupportedInterfaceOrientations_iPhone = "UIInterfaceOrientationPortrait UIInterfaceOrientationLandscapeLeft UIInterfaceOrientationLandscapeRight";
				LD_RUNPATH_SEARCH_PATHS = (
					"$(inherited)",
					"@executable_path/Frameworks",
				);
				MARKETING_VERSION = 1.0;
				PRODUCT_BUNDLE_IDENTIFIER = "dev.yaroslav-zhurbilo.CollectionViewLayoutsPractice";
				PRODUCT_NAME = "$(TARGET_NAME)";
				SWIFT_EMIT_LOC_STRINGS = YES;
				SWIFT_VERSION = 5.0;
				TARGETED_DEVICE_FAMILY = "1,2";
			};
			name = Debug;
		};
		57FBDC2229B3C53500B2FC3C /* Release */ = {
			isa = XCBuildConfiguration;
			buildSettings = {
				ASSETCATALOG_COMPILER_APPICON_NAME = AppIcon;
				ASSETCATALOG_COMPILER_GLOBAL_ACCENT_COLOR_NAME = AccentColor;
				CODE_SIGN_STYLE = Automatic;
				CURRENT_PROJECT_VERSION = 1;
				DEVELOPMENT_TEAM = 4PM46468DE;
				GENERATE_INFOPLIST_FILE = YES;
				INFOPLIST_FILE = CollectionViewLayoutsPractice/Info.plist;
				INFOPLIST_KEY_UIApplicationSupportsIndirectInputEvents = YES;
				INFOPLIST_KEY_UILaunchStoryboardName = LaunchScreen;
				INFOPLIST_KEY_UIMainStoryboardFile = Main;
				INFOPLIST_KEY_UISupportedInterfaceOrientations_iPad = "UIInterfaceOrientationPortrait UIInterfaceOrientationPortraitUpsideDown UIInterfaceOrientationLandscapeLeft UIInterfaceOrientationLandscapeRight";
				INFOPLIST_KEY_UISupportedInterfaceOrientations_iPhone = "UIInterfaceOrientationPortrait UIInterfaceOrientationLandscapeLeft UIInterfaceOrientationLandscapeRight";
				LD_RUNPATH_SEARCH_PATHS = (
					"$(inherited)",
					"@executable_path/Frameworks",
				);
				MARKETING_VERSION = 1.0;
				PRODUCT_BUNDLE_IDENTIFIER = "dev.yaroslav-zhurbilo.CollectionViewLayoutsPractice";
				PRODUCT_NAME = "$(TARGET_NAME)";
				SWIFT_EMIT_LOC_STRINGS = YES;
				SWIFT_VERSION = 5.0;
				TARGETED_DEVICE_FAMILY = "1,2";
			};
			name = Release;
		};
/* End XCBuildConfiguration section */

/* Begin XCConfigurationList section */
		57FBDC0729B3C53400B2FC3C /* Build configuration list for PBXProject "CollectionViewLayoutsPractice" */ = {
			isa = XCConfigurationList;
			buildConfigurations = (
				57FBDC1E29B3C53500B2FC3C /* Debug */,
				57FBDC1F29B3C53500B2FC3C /* Release */,
			);
			defaultConfigurationIsVisible = 0;
			defaultConfigurationName = Release;
		};
		57FBDC2029B3C53500B2FC3C /* Build configuration list for PBXNativeTarget "CollectionViewLayoutsPractice" */ = {
			isa = XCConfigurationList;
			buildConfigurations = (
				57FBDC2129B3C53500B2FC3C /* Debug */,
				57FBDC2229B3C53500B2FC3C /* Release */,
			);
			defaultConfigurationIsVisible = 0;
			defaultConfigurationName = Release;
		};
/* End XCConfigurationList section */

/* Begin XCRemoteSwiftPackageReference section */
		57FBDC2329B3C7D900B2FC3C /* XCRemoteSwiftPackageReference "RxSwift" */ = {
			isa = XCRemoteSwiftPackageReference;
			repositoryURL = "https://github.com/ReactiveX/RxSwift";
			requirement = {
				kind = upToNextMajorVersion;
				minimumVersion = 6.0.0;
			};
		};
		57FBDC2A29B3C80B00B2FC3C /* XCRemoteSwiftPackageReference "RxDataSources" */ = {
			isa = XCRemoteSwiftPackageReference;
			repositoryURL = "https://github.com/RxSwiftCommunity/RxDataSources";
			requirement = {
				kind = upToNextMajorVersion;
				minimumVersion = 5.0.0;
			};
		};
/* End XCRemoteSwiftPackageReference section */

/* Begin XCSwiftPackageProductDependency section */
		57FBDC2429B3C7D900B2FC3C /* RxCocoa */ = {
			isa = XCSwiftPackageProductDependency;
			package = 57FBDC2329B3C7D900B2FC3C /* XCRemoteSwiftPackageReference "RxSwift" */;
			productName = RxCocoa;
		};
		57FBDC2629B3C7D900B2FC3C /* RxRelay */ = {
			isa = XCSwiftPackageProductDependency;
			package = 57FBDC2329B3C7D900B2FC3C /* XCRemoteSwiftPackageReference "RxSwift" */;
			productName = RxRelay;
		};
		57FBDC2829B3C7D900B2FC3C /* RxSwift */ = {
			isa = XCSwiftPackageProductDependency;
			package = 57FBDC2329B3C7D900B2FC3C /* XCRemoteSwiftPackageReference "RxSwift" */;
			productName = RxSwift;
		};
		57FBDC2B29B3C80B00B2FC3C /* Differentiator */ = {
			isa = XCSwiftPackageProductDependency;
			package = 57FBDC2A29B3C80B00B2FC3C /* XCRemoteSwiftPackageReference "RxDataSources" */;
			productName = Differentiator;
		};
		57FBDC2D29B3C80B00B2FC3C /* RxDataSources */ = {
			isa = XCSwiftPackageProductDependency;
			package = 57FBDC2A29B3C80B00B2FC3C /* XCRemoteSwiftPackageReference "RxDataSources" */;
			productName = RxDataSources;
		};
/* End XCSwiftPackageProductDependency section */
	};
	rootObject = 57FBDC0429B3C53400B2FC3C /* Project object */;
}
